
Microsoft Visual Studio Solution File, Format Version 12.00
# Visual Studio Version 17
VisualStudioVersion = 17.0.31808.319
MinimumVisualStudioVersion = 10.0.40219.1
Project("{9A19103F-16F7-4668-BE54-9A1E7A4F7556}") = "DotProxify", "DotProxify\DotProxify.csproj", "{E9622C4C-D265-4398-8B06-1288A449A506}"
EndProject
Project("{9A19103F-16F7-4668-BE54-9A1E7A4F7556}") = "Sample", "Sample\Sample.csproj", "{8ADD7AD2-3B68-424F-A38D-169B7A9121FB}"
EndProject
Project("{FAE04EC0-301F-11D3-BF4B-00C04F79EFBC}") = "Tests.DotProxify", "tests\Tests.DotProxify\Tests.DotProxify.csproj", "{97FBF92C-FCA4-4D00-859B-BEF4D599346D}"
EndProject
Global
	GlobalSection(SolutionConfigurationPlatforms) = preSolution
		Debug|Any CPU = Debug|Any CPU
		Release|Any CPU = Release|Any CPU
	EndGlobalSection
	GlobalSection(ProjectConfigurationPlatforms) = postSolution
		{E9622C4C-D265-4398-8B06-1288A449A506}.Debug|Any CPU.ActiveCfg = Debug|Any CPU
		{E9622C4C-D265-4398-8B06-1288A449A506}.Debug|Any CPU.Build.0 = Debug|Any CPU
		{E9622C4C-D265-4398-8B06-1288A449A506}.Release|Any CPU.ActiveCfg = Release|Any CPU
		{E9622C4C-D265-4398-8B06-1288A449A506}.Release|Any CPU.Build.0 = Release|Any CPU
		{8ADD7AD2-3B68-424F-A38D-169B7A9121FB}.Debug|Any CPU.ActiveCfg = Debug|Any CPU
		{8ADD7AD2-3B68-424F-A38D-169B7A9121FB}.Debug|Any CPU.Build.0 = Debug|Any CPU
		{8ADD7AD2-3B68-424F-A38D-169B7A9121FB}.Release|Any CPU.ActiveCfg = Release|Any CPU
		{8ADD7AD2-3B68-424F-A38D-169B7A9121FB}.Release|Any CPU.Build.0 = Release|Any CPU
		{97FBF92C-FCA4-4D00-859B-BEF4D599346D}.Debug|Any CPU.ActiveCfg = Debug|Any CPU
		{97FBF92C-FCA4-4D00-859B-BEF4D599346D}.Debug|Any CPU.Build.0 = Debug|Any CPU
		{97FBF92C-FCA4-4D00-859B-BEF4D599346D}.Release|Any CPU.ActiveCfg = Release|Any CPU
		{97FBF92C-FCA4-4D00-859B-BEF4D599346D}.Release|Any CPU.Build.0 = Release|Any CPU
	EndGlobalSection
	GlobalSection(SolutionProperties) = preSolution
		HideSolutionNode = FALSE
	EndGlobalSection
	GlobalSection(ExtensibilityGlobals) = postSolution
		SolutionGuid = {93D233FC-1029-48B6-BDD3-373D5BF0BC45}
	EndGlobalSection
EndGlobal
